// !$*UTF8*$!
{
	archiveVersion = 1;
	classes = {
	};
	objectVersion = 46;
	objects = {

/* Begin PBXBuildFile section */
		624553F221D45136006E1705 /* TodosController.swift in Sources */ = {isa = PBXBuildFile; fileRef = 624553F121D45136006E1705 /* TodosController.swift */; };
		62A021C121D50EB70074AC07 /* TodoCell.swift in Sources */ = {isa = PBXBuildFile; fileRef = 62A021C021D50EB70074AC07 /* TodoCell.swift */; };
		62A021C321D510E40074AC07 /* HeaderCell.swift in Sources */ = {isa = PBXBuildFile; fileRef = 62A021C221D510E40074AC07 /* HeaderCell.swift */; };
		62A21CD721D30FD300CADDB4 /* AppDelegate.swift in Sources */ = {isa = PBXBuildFile; fileRef = 62A21CD621D30FD300CADDB4 /* AppDelegate.swift */; };
		62A21CDC21D30FD400CADDB4 /* Main.storyboard in Resources */ = {isa = PBXBuildFile; fileRef = 62A21CDA21D30FD400CADDB4 /* Main.storyboard */; };
		62A21CDE21D30FD400CADDB4 /* Assets.xcassets in Resources */ = {isa = PBXBuildFile; fileRef = 62A21CDD21D30FD400CADDB4 /* Assets.xcassets */; };
		62A21CE121D30FD400CADDB4 /* LaunchScreen.storyboard in Resources */ = {isa = PBXBuildFile; fileRef = 62A21CDF21D30FD400CADDB4 /* LaunchScreen.storyboard */; };
		62A2CB4021D577E500D24FC8 /* AddTodoController.swift in Sources */ = {isa = PBXBuildFile; fileRef = 62A2CB3F21D577E500D24FC8 /* AddTodoController.swift */; };
		A05D425FEC0FD89318BD22CD /* Pods_OblakoTODO.framework in Frameworks */ = {isa = PBXBuildFile; fileRef = 369A151E258AB165FD1D4CB6 /* Pods_OblakoTODO.framework */; };
/* End PBXBuildFile section */

/* Begin PBXFileReference section */
		3290518962916F46377AC594 /* Pods-OblakoTODO.release.xcconfig */ = {isa = PBXFileReference; includeInIndex = 1; lastKnownFileType = text.xcconfig; name = "Pods-OblakoTODO.release.xcconfig"; path = "Pods/Target Support Files/Pods-OblakoTODO/Pods-OblakoTODO.release.xcconfig"; sourceTree = "<group>"; };
		369A151E258AB165FD1D4CB6 /* Pods_OblakoTODO.framework */ = {isa = PBXFileReference; explicitFileType = wrapper.framework; includeInIndex = 0; path = Pods_OblakoTODO.framework; sourceTree = BUILT_PRODUCTS_DIR; };
		624553F121D45136006E1705 /* TodosController.swift */ = {isa = PBXFileReference; fileEncoding = 4; lastKnownFileType = sourcecode.swift; path = TodosController.swift; sourceTree = "<group>"; };
		62A021C021D50EB70074AC07 /* TodoCell.swift */ = {isa = PBXFileReference; fileEncoding = 4; lastKnownFileType = sourcecode.swift; path = TodoCell.swift; sourceTree = "<group>"; };
		62A021C221D510E40074AC07 /* HeaderCell.swift */ = {isa = PBXFileReference; fileEncoding = 4; lastKnownFileType = sourcecode.swift; path = HeaderCell.swift; sourceTree = "<group>"; };
		62A21CD321D30FD300CADDB4 /* OblakoTODO.app */ = {isa = PBXFileReference; explicitFileType = wrapper.application; includeInIndex = 0; path = OblakoTODO.app; sourceTree = BUILT_PRODUCTS_DIR; };
		62A21CD621D30FD300CADDB4 /* AppDelegate.swift */ = {isa = PBXFileReference; lastKnownFileType = sourcecode.swift; path = AppDelegate.swift; sourceTree = "<group>"; };
		62A21CDB21D30FD400CADDB4 /* Base */ = {isa = PBXFileReference; lastKnownFileType = file.storyboard; name = Base; path = Base.lproj/Main.storyboard; sourceTree = "<group>"; };
		62A21CDD21D30FD400CADDB4 /* Assets.xcassets */ = {isa = PBXFileReference; lastKnownFileType = folder.assetcatalog; path = Assets.xcassets; sourceTree = "<group>"; };
		62A21CE021D30FD400CADDB4 /* Base */ = {isa = PBXFileReference; lastKnownFileType = file.storyboard; name = Base; path = Base.lproj/LaunchScreen.storyboard; sourceTree = "<group>"; };
		62A21CE221D30FD400CADDB4 /* Info.plist */ = {isa = PBXFileReference; lastKnownFileType = text.plist.xml; path = Info.plist; sourceTree = "<group>"; };
		62A2CB3F21D577E500D24FC8 /* AddTodoController.swift */ = {isa = PBXFileReference; fileEncoding = 4; lastKnownFileType = sourcecode.swift; path = AddTodoController.swift; sourceTree = "<group>"; };
		C14ACFCDEAFA610F19CF2525 /* Pods-OblakoTODO.debug.xcconfig */ = {isa = PBXFileReference; includeInIndex = 1; lastKnownFileType = text.xcconfig; name = "Pods-OblakoTODO.debug.xcconfig"; path = "Pods/Target Support Files/Pods-OblakoTODO/Pods-OblakoTODO.debug.xcconfig"; sourceTree = "<group>"; };
/* End PBXFileReference section */

/* Begin PBXFrameworksBuildPhase section */
		62A21CD021D30FD300CADDB4 /* Frameworks */ = {
			isa = PBXFrameworksBuildPhase;
			buildActionMask = 2147483647;
			files = (
				A05D425FEC0FD89318BD22CD /* Pods_OblakoTODO.framework in Frameworks */,
			);
			runOnlyForDeploymentPostprocessing = 0;
		};
/* End PBXFrameworksBuildPhase section */

/* Begin PBXGroup section */
		3943CBB6C524BE814F8B51B9 /* Frameworks */ = {
			isa = PBXGroup;
			children = (
				369A151E258AB165FD1D4CB6 /* Pods_OblakoTODO.framework */,
			);
			name = Frameworks;
			sourceTree = "<group>";
		};
		62A21CCA21D30FD300CADDB4 = {
			isa = PBXGroup;
			children = (
				62A21CD521D30FD300CADDB4 /* OblakoTODO */,
				62A21CD421D30FD300CADDB4 /* Products */,
				7B1026D0017292FF21D14FA4 /* Pods */,
				3943CBB6C524BE814F8B51B9 /* Frameworks */,
			);
			sourceTree = "<group>";
		};
		62A21CD421D30FD300CADDB4 /* Products */ = {
			isa = PBXGroup;
			children = (
				62A21CD321D30FD300CADDB4 /* OblakoTODO.app */,
			);
			name = Products;
			sourceTree = "<group>";
		};
		62A21CD521D30FD300CADDB4 /* OblakoTODO */ = {
			isa = PBXGroup;
			children = (
				62A21CD621D30FD300CADDB4 /* AppDelegate.swift */,
				62A21CDA21D30FD400CADDB4 /* Main.storyboard */,
				62A21CDD21D30FD400CADDB4 /* Assets.xcassets */,
				62A21CDF21D30FD400CADDB4 /* LaunchScreen.storyboard */,
				62A21CE221D30FD400CADDB4 /* Info.plist */,
				624553F121D45136006E1705 /* TodosController.swift */,
				62A021C021D50EB70074AC07 /* TodoCell.swift */,
				62A021C221D510E40074AC07 /* HeaderCell.swift */,
				62A2CB3F21D577E500D24FC8 /* AddTodoController.swift */,
			);
			path = OblakoTODO;
			sourceTree = "<group>";
		};
		7B1026D0017292FF21D14FA4 /* Pods */ = {
			isa = PBXGroup;
			children = (
				C14ACFCDEAFA610F19CF2525 /* Pods-OblakoTODO.debug.xcconfig */,
				3290518962916F46377AC594 /* Pods-OblakoTODO.release.xcconfig */,
			);
			name = Pods;
			sourceTree = "<group>";
		};
/* End PBXGroup section */

/* Begin PBXNativeTarget section */
		62A21CD221D30FD300CADDB4 /* OblakoTODO */ = {
			isa = PBXNativeTarget;
			buildConfigurationList = 62A21CE521D30FD400CADDB4 /* Build configuration list for PBXNativeTarget "OblakoTODO" */;
			buildPhases = (
				9676F8191BAA6415CA40FC29 /* [CP] Check Pods Manifest.lock */,
				62A21CCF21D30FD300CADDB4 /* Sources */,
				62A21CD021D30FD300CADDB4 /* Frameworks */,
				62A21CD121D30FD300CADDB4 /* Resources */,
				E1C14D04F7E3F6F7F8654E56 /* [CP] Embed Pods Frameworks */,
			);
			buildRules = (
			);
			dependencies = (
			);
			name = OblakoTODO;
			productName = OblakoTODO;
			productReference = 62A21CD321D30FD300CADDB4 /* OblakoTODO.app */;
			productType = "com.apple.product-type.application";
		};
/* End PBXNativeTarget section */

/* Begin PBXProject section */
		62A21CCB21D30FD300CADDB4 /* Project object */ = {
			isa = PBXProject;
			attributes = {
				LastSwiftUpdateCheck = 0730;
				LastUpgradeCheck = 0730;
				ORGANIZATIONNAME = superroot;
				TargetAttributes = {
					62A21CD221D30FD300CADDB4 = {
						CreatedOnToolsVersion = 7.3.1;
					};
				};
			};
			buildConfigurationList = 62A21CCE21D30FD300CADDB4 /* Build configuration list for PBXProject "OblakoTODO" */;
			compatibilityVersion = "Xcode 3.2";
			developmentRegion = English;
			hasScannedForEncodings = 0;
			knownRegions = (
				en,
				Base,
			);
			mainGroup = 62A21CCA21D30FD300CADDB4;
			productRefGroup = 62A21CD421D30FD300CADDB4 /* Products */;
			projectDirPath = "";
			projectRoot = "";
			targets = (
				62A21CD221D30FD300CADDB4 /* OblakoTODO */,
			);
		};
/* End PBXProject section */

/* Begin PBXResourcesBuildPhase section */
		62A21CD121D30FD300CADDB4 /* Resources */ = {
			isa = PBXResourcesBuildPhase;
			buildActionMask = 2147483647;
			files = (
				62A21CE121D30FD400CADDB4 /* LaunchScreen.storyboard in Resources */,
				62A21CDE21D30FD400CADDB4 /* Assets.xcassets in Resources */,
				62A21CDC21D30FD400CADDB4 /* Main.storyboard in Resources */,
			);
			runOnlyForDeploymentPostprocessing = 0;
		};
/* End PBXResourcesBuildPhase section */

/* Begin PBXShellScriptBuildPhase section */
		9676F8191BAA6415CA40FC29 /* [CP] Check Pods Manifest.lock */ = {
			isa = PBXShellScriptBuildPhase;
			buildActionMask = 2147483647;
			files = (
			);
			inputPaths = (
				"${PODS_PODFILE_DIR_PATH}/Podfile.lock",
				"${PODS_ROOT}/Manifest.lock",
			);
			name = "[CP] Check Pods Manifest.lock";
			outputPaths = (
				"$(DERIVED_FILE_DIR)/Pods-OblakoTODO-checkManifestLockResult.txt",
			);
			runOnlyForDeploymentPostprocessing = 0;
			shellPath = /bin/sh;
			shellScript = "diff \"${PODS_PODFILE_DIR_PATH}/Podfile.lock\" \"${PODS_ROOT}/Manifest.lock\" > /dev/null\nif [ $? != 0 ] ; then\n    # print error to STDERR\n    echo \"error: The sandbox is not in sync with the Podfile.lock. Run 'pod install' or update your CocoaPods installation.\" >&2\n    exit 1\nfi\n# This output is used by Xcode 'outputs' to avoid re-running this script phase.\necho \"SUCCESS\" > \"${SCRIPT_OUTPUT_FILE_0}\"\n";
			showEnvVarsInLog = 0;
		};
		E1C14D04F7E3F6F7F8654E56 /* [CP] Embed Pods Frameworks */ = {
			isa = PBXShellScriptBuildPhase;
			buildActionMask = 2147483647;
			files = (
			);
			inputPaths = (
				"${SRCROOT}/Pods/Target Support Files/Pods-OblakoTODO/Pods-OblakoTODO-frameworks.sh",
				"${BUILT_PRODUCTS_DIR}/M13Checkbox/M13Checkbox.framework",
			);
			name = "[CP] Embed Pods Frameworks";
			outputPaths = (
				"${TARGET_BUILD_DIR}/${FRAMEWORKS_FOLDER_PATH}/M13Checkbox.framework",
			);
			runOnlyForDeploymentPostprocessing = 0;
			shellPath = /bin/sh;
			shellScript = "\"${SRCROOT}/Pods/Target Support Files/Pods-OblakoTODO/Pods-OblakoTODO-frameworks.sh\"\n";
			showEnvVarsInLog = 0;
		};
/* End PBXShellScriptBuildPhase section */

/* Begin PBXSourcesBuildPhase section */
		62A21CCF21D30FD300CADDB4 /* Sources */ = {
			isa = PBXSourcesBuildPhase;
			buildActionMask = 2147483647;
			files = (
				62A21CD721D30FD300CADDB4 /* AppDelegate.swift in Sources */,
				62A021C321D510E40074AC07 /* HeaderCell.swift in Sources */,
				62A2CB4021D577E500D24FC8 /* AddTodoController.swift in Sources */,
				62A021C121D50EB70074AC07 /* TodoCell.swift in Sources */,
				624553F221D45136006E1705 /* TodosController.swift in Sources */,
			);
			runOnlyForDeploymentPostprocessing = 0;
		};
/* End PBXSourcesBuildPhase section */

/* Begin PBXVariantGroup section */
		62A21CDA21D30FD400CADDB4 /* Main.storyboard */ = {
			isa = PBXVariantGroup;
			children = (
				62A21CDB21D30FD400CADDB4 /* Base */,
			);
			name = Main.storyboard;
			sourceTree = "<group>";
		};
		62A21CDF21D30FD400CADDB4 /* LaunchScreen.storyboard */ = {
			isa = PBXVariantGroup;
			children = (
				62A21CE021D30FD400CADDB4 /* Base */,
			);
			name = LaunchScreen.storyboard;
			sourceTree = "<group>";
		};
/* End PBXVariantGroup section */

/* Begin XCBuildConfiguration section */
		62A21CE321D30FD400CADDB4 /* Debug */ = {
			isa = XCBuildConfiguration;
			buildSettings = {
				ALWAYS_SEARCH_USER_PATHS = NO;
				CLANG_ANALYZER_NONNULL = YES;
				CLANG_CXX_LANGUAGE_STANDARD = "gnu++0x";
				CLANG_CXX_LIBRARY = "libc++";
				CLANG_ENABLE_MODULES = YES;
				CLANG_ENABLE_OBJC_ARC = YES;
				CLANG_WARN_BOOL_CONVERSION = YES;
				CLANG_WARN_CONSTANT_CONVERSION = YES;
				CLANG_WARN_DIRECT_OBJC_ISA_USAGE = YES_ERROR;
				CLANG_WARN_EMPTY_BODY = YES;
				CLANG_WARN_ENUM_CONVERSION = YES;
				CLANG_WARN_INT_CONVERSION = YES;
				CLANG_WARN_OBJC_ROOT_CLASS = YES_ERROR;
				CLANG_WARN_UNREACHABLE_CODE = YES;
				CLANG_WARN__DUPLICATE_METHOD_MATCH = YES;
				"CODE_SIGN_IDENTITY[sdk=iphoneos*]" = "iPhone Developer";
				COPY_PHASE_STRIP = NO;
				DEBUG_INFORMATION_FORMAT = dwarf;
				ENABLE_STRICT_OBJC_MSGSEND = YES;
				ENABLE_TESTABILITY = YES;
				GCC_C_LANGUAGE_STANDARD = gnu99;
				GCC_DYNAMIC_NO_PIC = NO;
				GCC_NO_COMMON_BLOCKS = YES;
				GCC_OPTIMIZATION_LEVEL = 0;
				GCC_PREPROCESSOR_DEFINITIONS = (
					"DEBUG=1",
					"$(inherited)",
				);
				GCC_WARN_64_TO_32_BIT_CONVERSION = YES;
				GCC_WARN_ABOUT_RETURN_TYPE = YES_ERROR;
				GCC_WARN_UNDECLARED_SELECTOR = YES;
				GCC_WARN_UNINITIALIZED_AUTOS = YES_AGGRESSIVE;
				GCC_WARN_UNUSED_FUNCTION = YES;
				GCC_WARN_UNUSED_VARIABLE = YES;
				IPHONEOS_DEPLOYMENT_TARGET = 9.3;
				MTL_ENABLE_DEBUG_INFO = YES;
				ONLY_ACTIVE_ARCH = YES;
				SDKROOT = iphoneos;
				SWIFT_OPTIMIZATION_LEVEL = "-Onone";
			};
			name = Debug;
		};
		62A21CE421D30FD400CADDB4 /* Release */ = {
			isa = XCBuildConfiguration;
			buildSettings = {
				ALWAYS_SEARCH_USER_PATHS = NO;
				CLANG_ANALYZER_NONNULL = YES;
				CLANG_CXX_LANGUAGE_STANDARD = "gnu++0x";
				CLANG_CXX_LIBRARY = "libc++";
				CLANG_ENABLE_MODULES = YES;
				CLANG_ENABLE_OBJC_ARC = YES;
				CLANG_WARN_BOOL_CONVERSION = YES;
				CLANG_WARN_CONSTANT_CONVERSION = YES;
				CLANG_WARN_DIRECT_OBJC_ISA_USAGE = YES_ERROR;
				CLANG_WARN_EMPTY_BODY = YES;
				CLANG_WARN_ENUM_CONVERSION = YES;
				CLANG_WARN_INT_CONVERSION = YES;
				CLANG_WARN_OBJC_ROOT_CLASS = YES_ERROR;
				CLANG_WARN_UNREACHABLE_CODE = YES;
				CLANG_WARN__DUPLICATE_METHOD_MATCH = YES;
				"CODE_SIGN_IDENTITY[sdk=iphoneos*]" = "iPhone Developer";
				COPY_PHASE_STRIP = NO;
				DEBUG_INFORMATION_FORMAT = "dwarf-with-dsym";
				ENABLE_NS_ASSERTIONS = NO;
				ENABLE_STRICT_OBJC_MSGSEND = YES;
				GCC_C_LANGUAGE_STANDARD = gnu99;
				GCC_NO_COMMON_BLOCKS = YES;
				GCC_WARN_64_TO_32_BIT_CONVERSION = YES;
				GCC_WARN_ABOUT_RETURN_TYPE = YES_ERROR;
				GCC_WARN_UNDECLARED_SELECTOR = YES;
				GCC_WARN_UNINITIALIZED_AUTOS = YES_AGGRESSIVE;
				GCC_WARN_UNUSED_FUNCTION = YES;
				GCC_WARN_UNUSED_VARIABLE = YES;
				IPHONEOS_DEPLOYMENT_TARGET = 9.3;
				MTL_ENABLE_DEBUG_INFO = NO;
				SDKROOT = iphoneos;
				VALIDATE_PRODUCT = YES;
			};
			name = Release;
		};
		62A21CE621D30FD400CADDB4 /* Debug */ = {
			isa = XCBuildConfiguration;
			baseConfigurationReference = C14ACFCDEAFA610F19CF2525 /* Pods-OblakoTODO.debug.xcconfig */;
			buildSettings = {
				ASSETCATALOG_COMPILER_APPICON_NAME = AppIcon;
				INFOPLIST_FILE = OblakoTODO/Info.plist;
				IPHONEOS_DEPLOYMENT_TARGET = 8.0;
				LD_RUNPATH_SEARCH_PATHS = "$(inherited) @executable_path/Frameworks";
				PRODUCT_BUNDLE_IDENTIFIER = net.zettroke.OblakoTODO;
				PRODUCT_NAME = "$(TARGET_NAME)";
			};
			name = Debug;
		};
		62A21CE721D30FD400CADDB4 /* Release */ = {
			isa = XCBuildConfiguration;
			baseConfigurationReference = 3290518962916F46377AC594 /* Pods-OblakoTODO.release.xcconfig */;
			buildSettings = {
				ASSETCATALOG_COMPILER_APPICON_NAME = AppIcon;
				INFOPLIST_FILE = OblakoTODO/Info.plist;
				IPHONEOS_DEPLOYMENT_TARGET = 8.0;
				LD_RUNPATH_SEARCH_PATHS = "$(inherited) @executable_path/Frameworks";
				PRODUCT_BUNDLE_IDENTIFIER = net.zettroke.OblakoTODO;
				PRODUCT_NAME = "$(TARGET_NAME)";
			};
			name = Release;
		};
/* End XCBuildConfiguration section */

/* Begin XCConfigurationList section */
		62A21CCE21D30FD300CADDB4 /* Build configuration list for PBXProject "OblakoTODO" */ = {
			isa = XCConfigurationList;
			buildConfigurations = (
				62A21CE321D30FD400CADDB4 /* Debug */,
				62A21CE421D30FD400CADDB4 /* Release */,
			);
			defaultConfigurationIsVisible = 0;
			defaultConfigurationName = Release;
		};
		62A21CE521D30FD400CADDB4 /* Build configuration list for PBXNativeTarget "OblakoTODO" */ = {
			isa = XCConfigurationList;
			buildConfigurations = (
				62A21CE621D30FD400CADDB4 /* Debug */,
				62A21CE721D30FD400CADDB4 /* Release */,
			);
			defaultConfigurationIsVisible = 0;
			defaultConfigurationName = Release;
		};
/* End XCConfigurationList section */
	};
	rootObject = 62A21CCB21D30FD300CADDB4 /* Project object */;
}
